
Microsoft Visual Studio Solution File, Format Version 12.00
# Visual Studio Version 16
VisualStudioVersion = 16.0.30907.101
MinimumVisualStudioVersion = 10.0.40219.1
Project("{FAE04EC0-301F-11D3-BF4B-00C04F79EFBC}") = "TypeScriptCompilador", "TypeScriptCompilador\TypeScriptCompilador.csproj", "{FAEA9BB0-E23E-4151-A355-BB9F6A640453}"
EndProject
Global
	GlobalSection(SolutionConfigurationPlatforms) = preSolution
		Debug|Any CPU = Debug|Any CPU
		Release|Any CPU = Release|Any CPU
	EndGlobalSection
	GlobalSection(ProjectConfigurationPlatforms) = postSolution
		{FAEA9BB0-E23E-4151-A355-BB9F6A640453}.Debug|Any CPU.ActiveCfg = Debug|Any CPU
		{FAEA9BB0-E23E-4151-A355-BB9F6A640453}.Debug|Any CPU.Build.0 = Debug|Any CPU
		{FAEA9BB0-E23E-4151-A355-BB9F6A640453}.Release|Any CPU.ActiveCfg = Release|Any CPU
		{FAEA9BB0-E23E-4151-A355-BB9F6A640453}.Release|Any CPU.Build.0 = Release|Any CPU
	EndGlobalSection
	GlobalSection(SolutionProperties) = preSolution
		HideSolutionNode = FALSE
	EndGlobalSection
	GlobalSection(ExtensibilityGlobals) = postSolution
		SolutionGuid = {11C2F7CB-74DC-4E43-B861-F8F30924DDF8}
	EndGlobalSection
EndGlobal
